
Microsoft Visual Studio Solution File, Format Version 12.00
# Visual Studio Version 16
VisualStudioVersion = 16.0.30907.101
MinimumVisualStudioVersion = 10.0.40219.1
Project("{9A19103F-16F7-4668-BE54-9A1E7A4F7556}") = "KampIntro", "KampIntro\KampIntro.csproj", "{ABF9DD2C-FD97-45DC-AE3F-8C4C350D29E8}"
EndProject
Project("{9A19103F-16F7-4668-BE54-9A1E7A4F7556}") = "Donguler", "Donguler\Donguler.csproj", "{104EC233-9F38-48F8-A2F1-664F5C6C6D72}"
EndProject
Project("{9A19103F-16F7-4668-BE54-9A1E7A4F7556}") = "ClassIntro", "ClassIntro\ClassIntro.csproj", "{28C864B1-C80D-4A6F-A99A-F88F4523A25F}"
EndProject
Project("{9A19103F-16F7-4668-BE54-9A1E7A4F7556}") = "Metotlar", "Metotlar\Metotlar.csproj", "{25200539-842F-45BD-8E76-DD378980625F}"
EndProject
Project("{9A19103F-16F7-4668-BE54-9A1E7A4F7556}") = "Matematik", "Matematik\Matematik.csproj", "{EF7C67C1-3BB5-4AD3-8E17-149D3AB61A12}"
EndProject
Project("{9A19103F-16F7-4668-BE54-9A1E7A4F7556}") = "DegerVeReferansTipler", "DegerVeReferansTipler\DegerVeReferansTipler.csproj", "{1718620F-3F1D-4F3D-A930-6F6D233DCA10}"
EndProject
Project("{9A19103F-16F7-4668-BE54-9A1E7A4F7556}") = "OOP1", "OOP1\OOP1.csproj", "{9B830A3B-B238-4714-9FAD-CEA0006C32D8}"
EndProject
Project("{9A19103F-16F7-4668-BE54-9A1E7A4F7556}") = "Koleksiyonlar", "Koleksiyonlar\Koleksiyonlar.csproj", "{1A8EC334-1E3A-4B76-9FAD-32192D0B7604}"
EndProject
Project("{9A19103F-16F7-4668-BE54-9A1E7A4F7556}") = "GenericsIntro", "GenericsIntro\GenericsIntro.csproj", "{923E83E2-46AF-47B4-A740-4200081B30CB}"
EndProject
Project("{9A19103F-16F7-4668-BE54-9A1E7A4F7556}") = "ClassMetotDemo", "ClassMetotDemo\ClassMetotDemo.csproj", "{C2F688C8-68BA-491F-8D1B-BA22037E5719}"
EndProject
Project("{9A19103F-16F7-4668-BE54-9A1E7A4F7556}") = "ReferenceTypes", "ReferenceTypes\ReferenceTypes.csproj", "{4D3DFAB0-2531-4306-9ED8-978D9E197162}"
EndProject
Project("{9A19103F-16F7-4668-BE54-9A1E7A4F7556}") = "Constructors", "Constructors\Constructors.csproj", "{C16E6488-C482-434F-8C2B-E52496B329D1}"
EndProject
Project("{9A19103F-16F7-4668-BE54-9A1E7A4F7556}") = "MyDictionary", "MyDictionary\MyDictionary.csproj", "{3A03ADE3-ADE0-4D63-B2D0-FB4CF9E9753E}"
EndProject
Project("{9A19103F-16F7-4668-BE54-9A1E7A4F7556}") = "Oop2", "Oop2\Oop2.csproj", "{5A350A34-7428-4864-A62C-FF1D3E17EA06}"
EndProject
Project("{9A19103F-16F7-4668-BE54-9A1E7A4F7556}") = "OOP3", "OOP3\OOP3.csproj", "{BDBF02EF-1759-480D-A2A7-06999D9DBC0D}"
EndProject
Project("{FAE04EC0-301F-11D3-BF4B-00C04F79EFBC}") = "InterfaceAbstractDemo", "InterfaceAbstractDemo\InterfaceAbstractDemo.csproj", "{65E76896-234A-4D3C-8046-02993EB67320}"
EndProject
Global
	GlobalSection(SolutionConfigurationPlatforms) = preSolution
		Debug|Any CPU = Debug|Any CPU
		Release|Any CPU = Release|Any CPU
	EndGlobalSection
	GlobalSection(ProjectConfigurationPlatforms) = postSolution
		{ABF9DD2C-FD97-45DC-AE3F-8C4C350D29E8}.Debug|Any CPU.ActiveCfg = Debug|Any CPU
		{ABF9DD2C-FD97-45DC-AE3F-8C4C350D29E8}.Debug|Any CPU.Build.0 = Debug|Any CPU
		{ABF9DD2C-FD97-45DC-AE3F-8C4C350D29E8}.Release|Any CPU.ActiveCfg = Release|Any CPU
		{ABF9DD2C-FD97-45DC-AE3F-8C4C350D29E8}.Release|Any CPU.Build.0 = Release|Any CPU
		{104EC233-9F38-48F8-A2F1-664F5C6C6D72}.Debug|Any CPU.ActiveCfg = Debug|Any CPU
		{104EC233-9F38-48F8-A2F1-664F5C6C6D72}.Debug|Any CPU.Build.0 = Debug|Any CPU
		{104EC233-9F38-48F8-A2F1-664F5C6C6D72}.Release|Any CPU.ActiveCfg = Release|Any CPU
		{104EC233-9F38-48F8-A2F1-664F5C6C6D72}.Release|Any CPU.Build.0 = Release|Any CPU
		{28C864B1-C80D-4A6F-A99A-F88F4523A25F}.Debug|Any CPU.ActiveCfg = Debug|Any CPU
		{28C864B1-C80D-4A6F-A99A-F88F4523A25F}.Debug|Any CPU.Build.0 = Debug|Any CPU
		{28C864B1-C80D-4A6F-A99A-F88F4523A25F}.Release|Any CPU.ActiveCfg = Release|Any CPU
		{28C864B1-C80D-4A6F-A99A-F88F4523A25F}.Release|Any CPU.Build.0 = Release|Any CPU
		{25200539-842F-45BD-8E76-DD378980625F}.Debug|Any CPU.ActiveCfg = Debug|Any CPU
		{25200539-842F-45BD-8E76-DD378980625F}.Debug|Any CPU.Build.0 = Debug|Any CPU
		{25200539-842F-45BD-8E76-DD378980625F}.Release|Any CPU.ActiveCfg = Release|Any CPU
		{25200539-842F-45BD-8E76-DD378980625F}.Release|Any CPU.Build.0 = Release|Any CPU
		{EF7C67C1-3BB5-4AD3-8E17-149D3AB61A12}.Debug|Any CPU.ActiveCfg = Debug|Any CPU
		{EF7C67C1-3BB5-4AD3-8E17-149D3AB61A12}.Debug|Any CPU.Build.0 = Debug|Any CPU
		{EF7C67C1-3BB5-4AD3-8E17-149D3AB61A12}.Release|Any CPU.ActiveCfg = Release|Any CPU
		{EF7C67C1-3BB5-4AD3-8E17-149D3AB61A12}.Release|Any CPU.Build.0 = Release|Any CPU
		{1718620F-3F1D-4F3D-A930-6F6D233DCA10}.Debug|Any CPU.ActiveCfg = Debug|Any CPU
		{1718620F-3F1D-4F3D-A930-6F6D233DCA10}.Debug|Any CPU.Build.0 = Debug|Any CPU
		{1718620F-3F1D-4F3D-A930-6F6D233DCA10}.Release|Any CPU.ActiveCfg = Release|Any CPU
		{1718620F-3F1D-4F3D-A930-6F6D233DCA10}.Release|Any CPU.Build.0 = Release|Any CPU
		{9B830A3B-B238-4714-9FAD-CEA0006C32D8}.Debug|Any CPU.ActiveCfg = Debug|Any CPU
		{9B830A3B-B238-4714-9FAD-CEA0006C32D8}.Debug|Any CPU.Build.0 = Debug|Any CPU
		{9B830A3B-B238-4714-9FAD-CEA0006C32D8}.Release|Any CPU.ActiveCfg = Release|Any CPU
		{9B830A3B-B238-4714-9FAD-CEA0006C32D8}.Release|Any CPU.Build.0 = Release|Any CPU
		{1A8EC334-1E3A-4B76-9FAD-32192D0B7604}.Debug|Any CPU.ActiveCfg = Debug|Any CPU
		{1A8EC334-1E3A-4B76-9FAD-32192D0B7604}.Debug|Any CPU.Build.0 = Debug|Any CPU
		{1A8EC334-1E3A-4B76-9FAD-32192D0B7604}.Release|Any CPU.ActiveCfg = Release|Any CPU
		{1A8EC334-1E3A-4B76-9FAD-32192D0B7604}.Release|Any CPU.Build.0 = Release|Any CPU
		{923E83E2-46AF-47B4-A740-4200081B30CB}.Debug|Any CPU.ActiveCfg = Debug|Any CPU
		{923E83E2-46AF-47B4-A740-4200081B30CB}.Debug|Any CPU.Build.0 = Debug|Any CPU
		{923E83E2-46AF-47B4-A740-4200081B30CB}.Release|Any CPU.ActiveCfg = Release|Any CPU
		{923E83E2-46AF-47B4-A740-4200081B30CB}.Release|Any CPU.Build.0 = Release|Any CPU
		{C2F688C8-68BA-491F-8D1B-BA22037E5719}.Debug|Any CPU.ActiveCfg = Debug|Any CPU
		{C2F688C8-68BA-491F-8D1B-BA22037E5719}.Debug|Any CPU.Build.0 = Debug|Any CPU
		{C2F688C8-68BA-491F-8D1B-BA22037E5719}.Release|Any CPU.ActiveCfg = Release|Any CPU
		{C2F688C8-68BA-491F-8D1B-BA22037E5719}.Release|Any CPU.Build.0 = Release|Any CPU
		{4D3DFAB0-2531-4306-9ED8-978D9E197162}.Debug|Any CPU.ActiveCfg = Debug|Any CPU
		{4D3DFAB0-2531-4306-9ED8-978D9E197162}.Debug|Any CPU.Build.0 = Debug|Any CPU
		{4D3DFAB0-2531-4306-9ED8-978D9E197162}.Release|Any CPU.ActiveCfg = Release|Any CPU
		{4D3DFAB0-2531-4306-9ED8-978D9E197162}.Release|Any CPU.Build.0 = Release|Any CPU
		{C16E6488-C482-434F-8C2B-E52496B329D1}.Debug|Any CPU.ActiveCfg = Debug|Any CPU
		{C16E6488-C482-434F-8C2B-E52496B329D1}.Debug|Any CPU.Build.0 = Debug|Any CPU
		{C16E6488-C482-434F-8C2B-E52496B329D1}.Release|Any CPU.ActiveCfg = Release|Any CPU
		{C16E6488-C482-434F-8C2B-E52496B329D1}.Release|Any CPU.Build.0 = Release|Any CPU
		{3A03ADE3-ADE0-4D63-B2D0-FB4CF9E9753E}.Debug|Any CPU.ActiveCfg = Debug|Any CPU
		{3A03ADE3-ADE0-4D63-B2D0-FB4CF9E9753E}.Debug|Any CPU.Build.0 = Debug|Any CPU
		{3A03ADE3-ADE0-4D63-B2D0-FB4CF9E9753E}.Release|Any CPU.ActiveCfg = Release|Any CPU
		{3A03ADE3-ADE0-4D63-B2D0-FB4CF9E9753E}.Release|Any CPU.Build.0 = Release|Any CPU
		{5A350A34-7428-4864-A62C-FF1D3E17EA06}.Debug|Any CPU.ActiveCfg = Debug|Any CPU
		{5A350A34-7428-4864-A62C-FF1D3E17EA06}.Debug|Any CPU.Build.0 = Debug|Any CPU
		{5A350A34-7428-4864-A62C-FF1D3E17EA06}.Release|Any CPU.ActiveCfg = Release|Any CPU
		{5A350A34-7428-4864-A62C-FF1D3E17EA06}.Release|Any CPU.Build.0 = Release|Any CPU
		{BDBF02EF-1759-480D-A2A7-06999D9DBC0D}.Debug|Any CPU.ActiveCfg = Debug|Any CPU
		{BDBF02EF-1759-480D-A2A7-06999D9DBC0D}.Debug|Any CPU.Build.0 = Debug|Any CPU
		{BDBF02EF-1759-480D-A2A7-06999D9DBC0D}.Release|Any CPU.ActiveCfg = Release|Any CPU
		{BDBF02EF-1759-480D-A2A7-06999D9DBC0D}.Release|Any CPU.Build.0 = Release|Any CPU
		{65E76896-234A-4D3C-8046-02993EB67320}.Debug|Any CPU.ActiveCfg = Debug|Any CPU
		{65E76896-234A-4D3C-8046-02993EB67320}.Debug|Any CPU.Build.0 = Debug|Any CPU
		{65E76896-234A-4D3C-8046-02993EB67320}.Release|Any CPU.ActiveCfg = Release|Any CPU
		{65E76896-234A-4D3C-8046-02993EB67320}.Release|Any CPU.Build.0 = Release|Any CPU
	EndGlobalSection
	GlobalSection(SolutionProperties) = preSolution
		HideSolutionNode = FALSE
	EndGlobalSection
	GlobalSection(ExtensibilityGlobals) = postSolution
		SolutionGuid = {96F269A5-2258-4DC1-B0F7-83C443A631C5}
	EndGlobalSection
EndGlobal
